// !$*UTF8*$!
{
	archiveVersion = 1;
	classes = {
	};
	objectVersion = 46;
	objects = {

/* Begin PBXBuildFile section */
		14CDF2301D48634900F30DF9 /* main_1.cpp in Sources */ = {isa = PBXBuildFile; fileRef = 14CDF22F1D48634900F30DF9 /* main_1.cpp */; };
		14CDF2371D48637800F30DF9 /* OpenGL.framework in Frameworks */ = {isa = PBXBuildFile; fileRef = 14CDF2361D48637800F30DF9 /* OpenGL.framework */; };
		14CDF2391D48638500F30DF9 /* GLUT.framework in Frameworks */ = {isa = PBXBuildFile; fileRef = 14CDF2381D48638500F30DF9 /* GLUT.framework */; };
		14DD8C4A1D48F9B9003F6DFE /* main_2.cpp in Sources */ = {isa = PBXBuildFile; fileRef = 14DD8C491D48F9B9003F6DFE /* main_2.cpp */; };
		14DD8C4C1D49872B003F6DFE /* main.cpp in Sources */ = {isa = PBXBuildFile; fileRef = 14DD8C4B1D49872B003F6DFE /* main.cpp */; };
/* End PBXBuildFile section */

/* Begin PBXCopyFilesBuildPhase section */
		14CDF22A1D48634900F30DF9 /* CopyFiles */ = {
			isa = PBXCopyFilesBuildPhase;
			buildActionMask = 2147483647;
			dstPath = /usr/share/man/man1/;
			dstSubfolderSpec = 0;
			files = (
			);
			runOnlyForDeploymentPostprocessing = 1;
		};
/* End PBXCopyFilesBuildPhase section */

/* Begin PBXFileReference section */
		14CDF22C1D48634900F30DF9 /* learn_OpenGL */ = {isa = PBXFileReference; explicitFileType = "compiled.mach-o.executable"; includeInIndex = 0; path = learn_OpenGL; sourceTree = BUILT_PRODUCTS_DIR; };
		14CDF22F1D48634900F30DF9 /* main_1.cpp */ = {isa = PBXFileReference; lastKnownFileType = sourcecode.cpp.cpp; path = main_1.cpp; sourceTree = "<group>"; };
		14CDF2361D48637800F30DF9 /* OpenGL.framework */ = {isa = PBXFileReference; lastKnownFileType = wrapper.framework; name = OpenGL.framework; path = System/Library/Frameworks/OpenGL.framework; sourceTree = SDKROOT; };
		14CDF2381D48638500F30DF9 /* GLUT.framework */ = {isa = PBXFileReference; lastKnownFileType = wrapper.framework; name = GLUT.framework; path = System/Library/Frameworks/GLUT.framework; sourceTree = SDKROOT; };
		14DD8C491D48F9B9003F6DFE /* main_2.cpp */ = {isa = PBXFileReference; fileEncoding = 4; lastKnownFileType = sourcecode.cpp.cpp; path = main_2.cpp; sourceTree = "<group>"; };
		14DD8C4B1D49872B003F6DFE /* main.cpp */ = {isa = PBXFileReference; fileEncoding = 4; lastKnownFileType = sourcecode.cpp.cpp; path = main.cpp; sourceTree = "<group>"; };
/* End PBXFileReference section */

/* Begin PBXFrameworksBuildPhase section */
		14CDF2291D48634900F30DF9 /* Frameworks */ = {
			isa = PBXFrameworksBuildPhase;
			buildActionMask = 2147483647;
			files = (
				14CDF2391D48638500F30DF9 /* GLUT.framework in Frameworks */,
				14CDF2371D48637800F30DF9 /* OpenGL.framework in Frameworks */,
			);
			runOnlyForDeploymentPostprocessing = 0;
		};
/* End PBXFrameworksBuildPhase section */

/* Begin PBXGroup section */
		14CDF2231D48634900F30DF9 = {
			isa = PBXGroup;
			children = (
				14CDF2381D48638500F30DF9 /* GLUT.framework */,
				14CDF2361D48637800F30DF9 /* OpenGL.framework */,
				14CDF22E1D48634900F30DF9 /* learn_OpenGL */,
				14CDF22D1D48634900F30DF9 /* Products */,
			);
			sourceTree = "<group>";
		};
		14CDF22D1D48634900F30DF9 /* Products */ = {
			isa = PBXGroup;
			children = (
				14CDF22C1D48634900F30DF9 /* learn_OpenGL */,
			);
			name = Products;
			sourceTree = "<group>";
		};
		14CDF22E1D48634900F30DF9 /* learn_OpenGL */ = {
			isa = PBXGroup;
			children = (
				14CDF22F1D48634900F30DF9 /* main_1.cpp */,
				14DD8C491D48F9B9003F6DFE /* main_2.cpp */,
				14DD8C4B1D49872B003F6DFE /* main.cpp */,
			);
			path = learn_OpenGL;
			sourceTree = "<group>";
		};
/* End PBXGroup section */

/* Begin PBXNativeTarget section */
		14CDF22B1D48634900F30DF9 /* learn_OpenGL */ = {
			isa = PBXNativeTarget;
			buildConfigurationList = 14CDF2331D48634900F30DF9 /* Build configuration list for PBXNativeTarget "learn_OpenGL" */;
			buildPhases = (
				14CDF2281D48634900F30DF9 /* Sources */,
				14CDF2291D48634900F30DF9 /* Frameworks */,
				14CDF22A1D48634900F30DF9 /* CopyFiles */,
			);
			buildRules = (
			);
			dependencies = (
			);
			name = learn_OpenGL;
			productName = learn_OpenGL;
			productReference = 14CDF22C1D48634900F30DF9 /* learn_OpenGL */;
			productType = "com.apple.product-type.tool";
		};
/* End PBXNativeTarget section */

/* Begin PBXProject section */
		14CDF2241D48634900F30DF9 /* Project object */ = {
			isa = PBXProject;
			attributes = {
				LastUpgradeCheck = 0730;
				ORGANIZATIONNAME = liuzhiwei;
				TargetAttributes = {
					14CDF22B1D48634900F30DF9 = {
						CreatedOnToolsVersion = 7.3.1;
					};
				};
			};
			buildConfigurationList = 14CDF2271D48634900F30DF9 /* Build configuration list for PBXProject "learn_OpenGL" */;
			compatibilityVersion = "Xcode 3.2";
			developmentRegion = English;
			hasScannedForEncodings = 0;
			knownRegions = (
				en,
			);
			mainGroup = 14CDF2231D48634900F30DF9;
			productRefGroup = 14CDF22D1D48634900F30DF9 /* Products */;
			projectDirPath = "";
			projectRoot = "";
			targets = (
				14CDF22B1D48634900F30DF9 /* learn_OpenGL */,
			);
		};
/* End PBXProject section */

/* Begin PBXSourcesBuildPhase section */
		14CDF2281D48634900F30DF9 /* Sources */ = {
			isa = PBXSourcesBuildPhase;
			buildActionMask = 2147483647;
			files = (
				14DD8C4A1D48F9B9003F6DFE /* main_2.cpp in Sources */,
				14DD8C4C1D49872B003F6DFE /* main.cpp in Sources */,
				14CDF2301D48634900F30DF9 /* main_1.cpp in Sources */,
			);
			runOnlyForDeploymentPostprocessing = 0;
		};
/* End PBXSourcesBuildPhase section */

/* Begin XCBuildConfiguration section */
		14CDF2311D48634900F30DF9 /* Debug */ = {
			isa = XCBuildConfiguration;
			buildSettings = {
				ALWAYS_SEARCH_USER_PATHS = NO;
				CLANG_ANALYZER_NONNULL = YES;
				CLANG_CXX_LANGUAGE_STANDARD = "gnu++0x";
				CLANG_CXX_LIBRARY = "libc++";
				CLANG_ENABLE_MODULES = YES;
				CLANG_ENABLE_OBJC_ARC = YES;
				CLANG_WARN_BOOL_CONVERSION = YES;
				CLANG_WARN_CONSTANT_CONVERSION = YES;
				CLANG_WARN_DIRECT_OBJC_ISA_USAGE = YES_ERROR;
				CLANG_WARN_EMPTY_BODY = YES;
				CLANG_WARN_ENUM_CONVERSION = YES;
				CLANG_WARN_INT_CONVERSION = YES;
				CLANG_WARN_OBJC_ROOT_CLASS = YES_ERROR;
				CLANG_WARN_UNREACHABLE_CODE = YES;
				CLANG_WARN__DUPLICATE_METHOD_MATCH = YES;
				CODE_SIGN_IDENTITY = "-";
				COPY_PHASE_STRIP = NO;
				DEBUG_INFORMATION_FORMAT = dwarf;
				ENABLE_STRICT_OBJC_MSGSEND = YES;
				ENABLE_TESTABILITY = YES;
				GCC_C_LANGUAGE_STANDARD = gnu99;
				GCC_DYNAMIC_NO_PIC = NO;
				GCC_NO_COMMON_BLOCKS = YES;
				GCC_OPTIMIZATION_LEVEL = 0;
				GCC_PREPROCESSOR_DEFINITIONS = (
					"DEBUG=1",
					"$(inherited)",
				);
				GCC_WARN_64_TO_32_BIT_CONVERSION = YES;
				GCC_WARN_ABOUT_RETURN_TYPE = YES_ERROR;
				GCC_WARN_UNDECLARED_SELECTOR = YES;
				GCC_WARN_UNINITIALIZED_AUTOS = YES_AGGRESSIVE;
				GCC_WARN_UNUSED_FUNCTION = YES;
				GCC_WARN_UNUSED_VARIABLE = YES;
				MACOSX_DEPLOYMENT_TARGET = 10.11;
				MTL_ENABLE_DEBUG_INFO = YES;
				ONLY_ACTIVE_ARCH = YES;
				SDKROOT = macosx;
			};
			name = Debug;
		};
		14CDF2321D48634900F30DF9 /* Release */ = {
			isa = XCBuildConfiguration;
			buildSettings = {
				ALWAYS_SEARCH_USER_PATHS = NO;
				CLANG_ANALYZER_NONNULL = YES;
				CLANG_CXX_LANGUAGE_STANDARD = "gnu++0x";
				CLANG_CXX_LIBRARY = "libc++";
				CLANG_ENABLE_MODULES = YES;
				CLANG_ENABLE_OBJC_ARC = YES;
				CLANG_WARN_BOOL_CONVERSION = YES;
				CLANG_WARN_CONSTANT_CONVERSION = YES;
				CLANG_WARN_DIRECT_OBJC_ISA_USAGE = YES_ERROR;
				CLANG_WARN_EMPTY_BODY = YES;
				CLANG_WARN_ENUM_CONVERSION = YES;
				CLANG_WARN_INT_CONVERSION = YES;
				CLANG_WARN_OBJC_ROOT_CLASS = YES_ERROR;
				CLANG_WARN_UNREACHABLE_CODE = YES;
				CLANG_WARN__DUPLICATE_METHOD_MATCH = YES;
				CODE_SIGN_IDENTITY = "-";
				COPY_PHASE_STRIP = NO;
				DEBUG_INFORMATION_FORMAT = "dwarf-with-dsym";
				ENABLE_NS_ASSERTIONS = NO;
				ENABLE_STRICT_OBJC_MSGSEND = YES;
				GCC_C_LANGUAGE_STANDARD = gnu99;
				GCC_NO_COMMON_BLOCKS = YES;
				GCC_WARN_64_TO_32_BIT_CONVERSION = YES;
				GCC_WARN_ABOUT_RETURN_TYPE = YES_ERROR;
				GCC_WARN_UNDECLARED_SELECTOR = YES;
				GCC_WARN_UNINITIALIZED_AUTOS = YES_AGGRESSIVE;
				GCC_WARN_UNUSED_FUNCTION = YES;
				GCC_WARN_UNUSED_VARIABLE = YES;
				MACOSX_DEPLOYMENT_TARGET = 10.11;
				MTL_ENABLE_DEBUG_INFO = NO;
				SDKROOT = macosx;
			};
			name = Release;
		};
		14CDF2341D48634900F30DF9 /* Debug */ = {
			isa = XCBuildConfiguration;
			buildSettings = {
				MACOSX_DEPLOYMENT_TARGET = 10.8;
				PRODUCT_NAME = "$(TARGET_NAME)";
			};
			name = Debug;
		};
		14CDF2351D48634900F30DF9 /* Release */ = {
			isa = XCBuildConfiguration;
			buildSettings = {
				MACOSX_DEPLOYMENT_TARGET = 10.8;
				PRODUCT_NAME = "$(TARGET_NAME)";
			};
			name = Release;
		};
/* End XCBuildConfiguration section */

/* Begin XCConfigurationList section */
		14CDF2271D48634900F30DF9 /* Build configuration list for PBXProject "learn_OpenGL" */ = {
			isa = XCConfigurationList;
			buildConfigurations = (
				14CDF2311D48634900F30DF9 /* Debug */,
				14CDF2321D48634900F30DF9 /* Release */,
			);
			defaultConfigurationIsVisible = 0;
			defaultConfigurationName = Release;
		};
		14CDF2331D48634900F30DF9 /* Build configuration list for PBXNativeTarget "learn_OpenGL" */ = {
			isa = XCConfigurationList;
			buildConfigurations = (
				14CDF2341D48634900F30DF9 /* Debug */,
				14CDF2351D48634900F30DF9 /* Release */,
			);
			defaultConfigurationIsVisible = 0;
			defaultConfigurationName = Release;
		};
/* End XCConfigurationList section */
	};
	rootObject = 14CDF2241D48634900F30DF9 /* Project object */;
}
